
Microsoft Visual Studio Solution File, Format Version 12.00
# Visual Studio 15
VisualStudioVersion = 15.0.28307.645
MinimumVisualStudioVersion = 10.0.40219.1
Project("{FAE04EC0-301F-11D3-BF4B-00C04F79EFBC}") = "LaughingLocaleCore", "LaughingLocaleCore\LaughingLocaleCore.csproj", "{322833A6-387C-4B25-9473-A4A6178D7AA9}"
EndProject
Project("{FAE04EC0-301F-11D3-BF4B-00C04F79EFBC}") = "LaughingLocaleGUI", "LaughingLocaleGUI\LaughingLocaleGUI.csproj", "{309605C6-12BB-47CC-BD7A-F047DF70600C}"
EndProject
Project("{FAE04EC0-301F-11D3-BF4B-00C04F79EFBC}") = "LaughingLocaleDivinity", "Modules\LaughingLocaleDivinity\LaughingLocaleDivinity.csproj", "{B29C708E-1CAD-4418-B822-5B61984E2DD4}"
EndProject
Global
	GlobalSection(SolutionConfigurationPlatforms) = preSolution
		Debug|Any CPU = Debug|Any CPU
		Release|Any CPU = Release|Any CPU
	EndGlobalSection
	GlobalSection(ProjectConfigurationPlatforms) = postSolution
		{322833A6-387C-4B25-9473-A4A6178D7AA9}.Debug|Any CPU.ActiveCfg = Debug|Any CPU
		{322833A6-387C-4B25-9473-A4A6178D7AA9}.Debug|Any CPU.Build.0 = Debug|Any CPU
		{322833A6-387C-4B25-9473-A4A6178D7AA9}.Release|Any CPU.ActiveCfg = Release|Any CPU
		{322833A6-387C-4B25-9473-A4A6178D7AA9}.Release|Any CPU.Build.0 = Release|Any CPU
		{309605C6-12BB-47CC-BD7A-F047DF70600C}.Debug|Any CPU.ActiveCfg = Debug|Any CPU
		{309605C6-12BB-47CC-BD7A-F047DF70600C}.Debug|Any CPU.Build.0 = Debug|Any CPU
		{309605C6-12BB-47CC-BD7A-F047DF70600C}.Release|Any CPU.ActiveCfg = Release|Any CPU
		{309605C6-12BB-47CC-BD7A-F047DF70600C}.Release|Any CPU.Build.0 = Release|Any CPU
		{B29C708E-1CAD-4418-B822-5B61984E2DD4}.Debug|Any CPU.ActiveCfg = Debug|Any CPU
		{B29C708E-1CAD-4418-B822-5B61984E2DD4}.Debug|Any CPU.Build.0 = Debug|Any CPU
		{B29C708E-1CAD-4418-B822-5B61984E2DD4}.Release|Any CPU.ActiveCfg = Release|Any CPU
		{B29C708E-1CAD-4418-B822-5B61984E2DD4}.Release|Any CPU.Build.0 = Release|Any CPU
	EndGlobalSection
	GlobalSection(SolutionProperties) = preSolution
		HideSolutionNode = FALSE
	EndGlobalSection
	GlobalSection(ExtensibilityGlobals) = postSolution
		SolutionGuid = {ABB90D9C-A240-40FB-940C-68D3C62ACC4B}
	EndGlobalSection
EndGlobal
